{
  "name": "demo-workspaces",
  "version": "1.0.0",
  "lockfileVersion": 3,
  "requires": true,
  "packages": {
    "": {
      "name": "demo-workspaces",
      "version": "1.0.0",
      "workspaces": ["packages/*"],
      "dependencies": { "express": "^4.18.2" }
    },
    "node_modules/@demo/alpha": { "resolved": "packages/alpha", "link": true },
    "node_modules/@demo/beta": { "resolved": "packages/beta", "link": true },
    "node_modules/@demo/gamma": { "resolved": "packages/gamma", "link": true },
    "node_modules/@demo/delta": { "resolved": "packages/delta", "link": true },
    "node_modules/@demo/epsilon": { "resolved": "packages/epsilon", "link": true },
    "node_modules/@demo/zeta": { "resolved": "packages/zeta", "link": true },
    "node_modules/express": {
      "version": "4.18.2",
      "dependencies": { "lodash": "^4.17.21", "sha.js": "^2.4.11" }
    },
    "node_modules/lodash": { "version": "4.17.21" },
    "node_modules/sha.js": { "version": "2.4.11" },
    "node_modules/undici": { "version": "6.19.8" },
    "packages/alpha": { "name": "@demo/alpha", "version": "1.0.0" },
    "packages/beta": { "name": "@demo/beta", "version": "1.0.0" },
    "packages/gamma": { "name": "@demo/gamma", "version": "1.0.0" },
    "packages/delta": { "name": "@demo/delta", "version": "1.0.0" },
    "packages/epsilon": { "name": "@demo/epsilon", "version": "1.0.0" },
    "packages/zeta": { "name": "@demo/zeta", "version": "1.0.0" }
  }
}
