# Regenerated from a real `pnpm install --lockfile-only` run under pnpm
# 8.15.9 (lockfileVersion 6.0) with the same manifest shape as
# pnpm-peer-only, trimmed to the principal entries. No `snapshots:` section
# exists in this format: resolution edges live INSIDE `packages:` entries
# whose keys start with `/`. The regression this pins (issue #103 review):
# scanning `packages:` here parsed those keys into garbage parents like
# `/@vitejs/plugin-react`, which flowed into parents_unreadable and then into
# an unmatchable `/@vitejs/plugin-react>vite` override key. The parser must
# read nothing from this file — parents empty, peer_only false — exactly as
# the pre-#103 snapshot reader did.
lockfileVersion: '6.0'

settings:
  autoInstallPeers: true
  excludeLinksFromLockfile: false

dependencies:
  '@vitejs/plugin-react':
    specifier: 4.3.4
    version: 4.3.4(vite@6.4.3)
  '@vitest/mocker':
    specifier: 3.0.5
    version: 3.0.5(vite@6.4.3)

packages:

  /@vitejs/plugin-react@4.3.4(vite@6.4.3):
    resolution: {integrity: sha512-SCCPBJtYLdE8PX/7ZQAs1QAZ8Jqwih+0VBLum1EGqmCCQal+MIUqLCzj3ZUy8ufbC0cAM4LRlSTm7IQJwWT4ug==}
    engines: {node: ^14.18.0 || >=16.0.0}
    peerDependencies:
      vite: ^4.2.0 || ^5.0.0 || ^6.0.0
    dependencies:
      '@babel/core': 7.29.7
      '@babel/plugin-transform-react-jsx-self': 7.29.7(@babel/core@7.29.7)
      '@babel/plugin-transform-react-jsx-source': 7.29.7(@babel/core@7.29.7)
      '@types/babel__core': 7.20.5
      react-refresh: 0.14.2
      vite: 6.4.3
    transitivePeerDependencies:
      - supports-color
    dev: false

  /@vitest/mocker@3.0.5(vite@6.4.3):
    resolution: {integrity: sha512-CLPNBFBIE7x6aEGbIjaQAX03ZZlBMaWwAjBdMkIf/cAn6xzLTiM3zYqO/WAbieEjsAZir6tO71mzeHZoodThvw==}
    peerDependencies:
      msw: ^2.4.9
      vite: ^5.0.0 || ^6.0.0
    peerDependenciesMeta:
      msw:
        optional: true
      vite:
        optional: true
    dependencies:
      '@vitest/spy': 3.0.5
      estree-walker: 3.0.3
      magic-string: 0.30.21
      vite: 6.4.3
    dev: false

  /vite@6.4.3:
    resolution: {integrity: sha512-NTKlcQjlAK7MlQoyb6LgaqHc8sso/pVyUJYWMws3jg21uTJw/LddqIFPcPqP6PzpgbIcZyKI85sFE4HBrQDA8A==}
    engines: {node: ^18.0.0 || ^20.0.0 || >=22.0.0}
    hasBin: true
    peerDependencies:
      '@types/node': ^18.0.0 || ^20.0.0 || >=22.0.0
      jiti: '>=1.21.0'
      less: '*'
      lightningcss: ^1.21.0
      sass: '*'
      sass-embedded: '*'
      stylus: '*'
      sugarss: '*'
      terser: ^5.16.0
      tsx: ^4.8.1
      yaml: ^2.4.2
    peerDependenciesMeta:
      '@types/node':
        optional: true
      jiti:
        optional: true
      less:
        optional: true
      lightningcss:
        optional: true
      sass:
        optional: true
      sass-embedded:
        optional: true
      stylus:
        optional: true
      sugarss:
        optional: true
      terser:
        optional: true
      tsx:
        optional: true
      yaml:
        optional: true
    dependencies:
      esbuild: 0.25.12
      fdir: 6.5.0(picomatch@4.0.7)
      picomatch: 4.0.7
      postcss: 8.5.26
      rollup: 4.62.5
      tinyglobby: 0.2.17
    optionalDependencies:
      fsevents: 2.3.3
    dev: false

