# This file is generated by running "yarn install" inside your project.
# Manual changes might be lost - proceed with caution!

# Locators this parser does not know: a protocol added by a Berry plugin or a
# future release would arrive looking exactly like this. There is no way to tell
# such an entry from a registry one it failed to read, so the parse guard has to
# refuse the whole lockfile rather than describe a tree it mostly could not see.
# Contrast yarn-all-local, whose entries are all recognized and deliberately
# excluded, and which parses to package_count 0 without error.

__metadata:
  version: 8
  cacheKey: 10c0

"demo-unknown@workspace:.":
  version: 0.0.0-use.local
  resolution: "demo-unknown@workspace:."
  languageName: unknown
  linkType: soft

"express@quantum:4.21.2#registry=example":
  version: 4.21.2
  resolution: "express@quantum:4.21.2#registry=example"
  languageName: node
  linkType: hard

"lodash@quantum:4.17.21#registry=example":
  version: 4.17.21
  resolution: "lodash@quantum:4.17.21#registry=example"
  languageName: node
  linkType: hard

"undici@quantum:6.19.8#registry=example":
  version: 6.19.8
  resolution: "undici@quantum:6.19.8#registry=example"
  languageName: node
  linkType: hard
