{
  "name": "demo-npm-cross-line",
  "version": "1.0.0",
  "lockfileVersion": 3,
  "requires": true,
  "packages": {
    "": {
      "name": "demo-npm-cross-line",
      "version": "1.0.0",
      "dependencies": {
        "@ts-morph/common": "^0.26.0",
        "filelist": "^1.0.4",
        "glob": "^7.2.3",
        "minimatch": "^10.2.5"
      }
    },
    "node_modules/@ts-morph/common": {
      "version": "0.26.1",
      "dependencies": { "minimatch": "^10.0.3" }
    },
    "node_modules/@ts-morph/common/node_modules/minimatch": {
      "version": "10.0.3",
      "dependencies": { "brace-expansion": "^5.0.4" }
    },
    "node_modules/balanced-match": { "version": "4.0.2" },
    "node_modules/brace-expansion": {
      "version": "5.0.9",
      "dependencies": { "balanced-match": "^4.0.1" }
    },
    "node_modules/concat-map": { "version": "0.0.1" },
    "node_modules/filelist": {
      "version": "1.0.4",
      "dependencies": { "minimatch": "^5.0.1" }
    },
    "node_modules/filelist/node_modules/balanced-match": { "version": "1.0.2" },
    "node_modules/filelist/node_modules/brace-expansion": {
      "version": "2.0.2",
      "dependencies": { "balanced-match": "^1.0.0" }
    },
    "node_modules/filelist/node_modules/minimatch": {
      "version": "5.1.6",
      "dependencies": { "brace-expansion": "^2.0.1" }
    },
    "node_modules/glob": {
      "version": "7.2.3",
      "dependencies": { "minimatch": "^3.1.1" }
    },
    "node_modules/glob/node_modules/balanced-match": { "version": "1.0.2" },
    "node_modules/glob/node_modules/brace-expansion": {
      "version": "1.1.11",
      "dependencies": { "balanced-match": "^1.0.0", "concat-map": "0.0.1" }
    },
    "node_modules/glob/node_modules/minimatch": {
      "version": "3.1.5",
      "dependencies": { "brace-expansion": "^1.1.7" }
    },
    "node_modules/minimatch": {
      "version": "10.2.5",
      "dependencies": { "brace-expansion": "^5.0.4" }
    }
  }
}
