# This file is generated by running "yarn install" inside your project.
# Manual changes might be lost - proceed with caution!

# Hand-authored. Reproduces issue #19: one package resolved at three majors at
# once, where the 5.x copy has no patched version inside its own major.

__metadata:
  version: 8
  cacheKey: 10c0

"demo-multi@workspace:.":
  version: 0.0.0-use.local
  resolution: "demo-multi@workspace:."
  dependencies:
    undici: "npm:^7.27.1"
  languageName: unknown
  linkType: soft

"legacy-client@npm:^2.0.0":
  version: 2.0.0
  resolution: "legacy-client@npm:2.0.0"
  dependencies:
    undici: "npm:5.29.0"
  languageName: node
  linkType: hard

"mid-client@npm:^3.1.0":
  version: 3.1.0
  resolution: "mid-client@npm:3.1.0"
  dependencies:
    undici: "npm:^6.23.0"
  languageName: node
  linkType: hard

"undici@npm:5.29.0":
  version: 5.29.0
  resolution: "undici@npm:5.29.0"
  languageName: node
  linkType: hard

"undici@npm:^6.23.0, undici@npm:^6.24.0":
  version: 6.24.1
  resolution: "undici@npm:6.24.1"
  languageName: node
  linkType: hard

"undici@npm:^7.27.1":
  version: 7.27.2
  resolution: "undici@npm:7.27.2"
  languageName: node
  linkType: hard
