lockfileVersion: '9.0'

settings:
  autoInstallPeers: true
  excludeLinksFromLockfile: false

overrides:
  protobufjs@7: '^7.5.5'
  protobufjs@8: '^8.0.1'
  protobufjs@^8.0.0: '^8.0.0'
  tar: '^5.0.0'
  tar@6: '^6.2.0'

importers:

  .:
    dependencies:
      express:
        specifier: ^4.18.2
        version: 4.18.2

packages:

  express@4.18.2:
    resolution: {integrity: sha512-0000000000000000000000000000000000000000000000000000000000000000000000000000000000000BBB==}

  protobufjs@7.5.5:
    resolution: {integrity: sha512-0000000000000000000000000000000000000000000000000000000000000000000000000000000000000CCC==}

  protobufjs@8.0.1:
    resolution: {integrity: sha512-0000000000000000000000000000000000000000000000000000000000000000000000000000000000000DDD==}

snapshots:

  express@4.18.2:
    dependencies:
      protobufjs: 8.0.1

  protobufjs@7.5.5: {}

  protobufjs@8.0.1: {}
