# This file is generated by running "yarn install" inside your project.
# Manual changes might be lost - proceed with caution!

# A patch applied on top of an already-patched package: `yarn patch typescript`
# in a repository where the builtin compat patch is already in force. Berry
# escapes the locator it wraps once per nesting level, so the inner colon
# arrives as %253A where a single patch carries %3A.

__metadata:
  version: 8
  cacheKey: 10c0

"demo-nested@workspace:.":
  version: 0.0.0-use.local
  resolution: "demo-nested@workspace:."
  dependencies:
    keep: "npm:1.0.0"
    typescript: "patch:typescript@patch%3Atypescript%40npm%253A5.1.6%23optional!builtin<compat/typescript>::version=5.1.6&hash=5da071#~/.yarn/patches/typescript-npm-5.1.6-local.patch"
  languageName: unknown
  linkType: soft

"keep@npm:1.0.0":
  version: 1.0.0
  resolution: "keep@npm:1.0.0"
  languageName: node
  linkType: hard

"typescript@patch:typescript@patch%3Atypescript%40npm%253A5.1.6%23optional!builtin<compat/typescript>::version=5.1.6&hash=5da071::version=5.1.6&hash=5da071":
  version: 5.1.6
  resolution: "typescript@patch:typescript@patch%3Atypescript%40npm%253A5.1.6%23optional!builtin<compat/typescript>::version=5.1.6&hash=5da071::version=5.1.6&hash=5da071"
  languageName: node
  linkType: hard
