# This file is generated by running "yarn install" inside your project.
# Manual changes might be lost - proceed with caution!

# The collision the alias rule cannot see through: the root installs
# `underscore` under the key `lodash`, and `pkg-a` pulls the real `lodash`. Both
# locators answer to the name `lodash` — one as its install key, one as the
# package it resolves to — so `resolved_versions lodash` merges two different
# packages into one answer. The direction is fail-safe; the limit is documented
# in ADR 001 (https://github.com/SurveyMonkey/skills/issues/48).

__metadata:
  version: 8
  cacheKey: 10c0

"demo-dual-yarn@workspace:.":
  version: 0.0.0-use.local
  resolution: "demo-dual-yarn@workspace:."
  dependencies:
    lodash: "npm:underscore@1.13.6"
    pkg-a: "npm:^1.0.0"
  languageName: unknown
  linkType: soft

"lodash@npm:underscore@1.13.6":
  version: 1.13.6
  resolution: "lodash@npm:underscore@1.13.6"
  languageName: node
  linkType: hard

"lodash@npm:4.17.21":
  version: 4.17.21
  resolution: "lodash@npm:4.17.21"
  languageName: node
  linkType: hard

"pkg-a@npm:1.0.0":
  version: 1.0.0
  resolution: "pkg-a@npm:1.0.0"
  dependencies:
    lodash: "npm:^4.17.21"
  languageName: node
  linkType: hard
