# This file is generated by running "yarn install" inside your project.
# Manual changes might be lost - proceed with caution!

# Trimmed from the field-test repository at the commit that opened its fix PR, the
# field case in issue #76: undici resolved at three majors at once, with the
# fix scoped to line 7 (7.28.0 -> 7.29.0). Every declaration, resolution and
# installed copy below is the state that repository was actually in — the
# node_modules copies alongside this lockfile reproduce it exactly: `undici`
# hoisted at 6.27.0, nested at 7.28.0 under `@vercel/sandbox` and at 5.29.0
# under `vercel`. Only public package names appear.

__metadata:
  version: 8
  cacheKey: 10c0

"@sentry/cli@npm:^3.6.2":
  version: 3.6.2
  resolution: "@sentry/cli@npm:3.6.2"
  dependencies:
    undici: "npm:^6.22.0"
  languageName: node
  linkType: hard

"@vercel/blob@npm:2.8.0":
  version: 2.8.0
  resolution: "@vercel/blob@npm:2.8.0"
  dependencies:
    undici: "npm:^6.23.0"
  languageName: node
  linkType: hard

"@vercel/node@npm:5.10.1":
  version: 5.10.1
  resolution: "@vercel/node@npm:5.10.1"
  dependencies:
    undici: "npm:5.28.4"
  languageName: node
  linkType: hard

"@vercel/sandbox@npm:2.4.0":
  version: 2.4.0
  resolution: "@vercel/sandbox@npm:2.4.0"
  dependencies:
    undici: "npm:^7.27.1"
  languageName: node
  linkType: hard

"demo-line-scoped@workspace:.":
  version: 0.0.0-use.local
  resolution: "demo-line-scoped@workspace:."
  dependencies:
    "@sentry/cli": "npm:^3.6.2"
    "@vercel/blob": "npm:2.8.0"
    "@vercel/node": "npm:5.10.1"
    "@vercel/sandbox": "npm:2.4.0"
    vercel: "npm:^48.4.0"
  languageName: unknown
  linkType: soft

"undici@npm:5.29.0":
  version: 5.29.0
  resolution: "undici@npm:5.29.0"
  languageName: node
  linkType: hard

"undici@npm:^6.22.0, undici@npm:^6.23.0, undici@npm:^6.24.0":
  version: 6.27.0
  resolution: "undici@npm:6.27.0"
  languageName: node
  linkType: hard

"undici@npm:^7.27.1":
  version: 7.28.0
  resolution: "undici@npm:7.28.0"
  languageName: node
  linkType: hard

"vercel@npm:^48.4.0":
  version: 48.4.0
  resolution: "vercel@npm:48.4.0"
  dependencies:
    undici: "npm:5.29.0"
  languageName: node
  linkType: hard
