{
  "name": "demo-scoped-parents",
  "version": "1.0.0",
  "lockfileVersion": 3,
  "requires": true,
  "packages": {
    "": {
      "name": "demo-scoped-parents",
      "version": "1.0.0",
      "workspaces": ["packages/tool"],
      "dependencies": {
        "@npmcli/arborist": "^9.1.6",
        "@nx/devkit": "22.7.6",
        "minimatch": "^7.4.9"
      }
    },
    "node_modules/@npmcli/arborist": {
      "version": "9.1.6",
      "dependencies": { "@npmcli/fs": "^4.0.0", "minimatch": "^10.0.3" }
    },
    "node_modules/@npmcli/arborist/node_modules/@npmcli/fs": {
      "version": "4.0.0",
      "dependencies": { "semver": "^7.3.5" }
    },
    "node_modules/@npmcli/arborist/node_modules/@npmcli/fs/node_modules/semver": {
      "version": "7.7.2"
    },
    "node_modules/@npmcli/arborist/node_modules/minimatch": {
      "version": "10.0.3",
      "dependencies": { "brace-expansion": "^5.0.5" }
    },
    "node_modules/@npmcli/arborist/node_modules/brace-expansion": {
      "version": "5.0.6"
    },
    "node_modules/@nx/devkit": {
      "version": "22.7.6",
      "dependencies": { "minimatch": "10.2.5" }
    },
    "node_modules/@nx/devkit/node_modules/minimatch": {
      "version": "10.2.5",
      "dependencies": { "brace-expansion": "^5.0.5" }
    },
    "node_modules/@nx/devkit/node_modules/brace-expansion": {
      "version": "5.0.6"
    },
    "node_modules/brace-expansion": { "version": "2.1.1" },
    "node_modules/minimatch": {
      "version": "7.4.9",
      "dependencies": { "brace-expansion": "^2.0.2" }
    },
    "node_modules/tool": {
      "resolved": "packages/tool",
      "link": true
    },
    "packages/tool": {
      "name": "tool",
      "version": "1.0.0",
      "dependencies": { "brace-expansion": "^2.0.2" }
    }
  }
}
