{
  "name": "demo-npm-scoped-cross-line",
  "version": "1.0.0",
  "lockfileVersion": 3,
  "requires": true,
  "packages": {
    "": {
      "name": "demo-npm-scoped-cross-line",
      "version": "1.0.0",
      "dependencies": {
        "@npmcli/arborist": "^9.1.6",
        "pacote": "^18.0.6"
      }
    },
    "node_modules/@npmcli/arborist": {
      "version": "9.1.6",
      "dependencies": { "@npmcli/map-workspaces": "^4.0.2" }
    },
    "node_modules/@npmcli/map-workspaces": {
      "version": "4.0.2",
      "dependencies": { "minimatch": "^10.0.3" }
    },
    "node_modules/minimatch": {
      "version": "10.0.3",
      "dependencies": { "brace-expansion": "^5.0.4" }
    },
    "node_modules/brace-expansion": { "version": "5.0.5" },
    "node_modules/pacote": {
      "version": "18.0.6",
      "dependencies": { "@npmcli/map-workspaces": "^2.0.4" }
    },
    "node_modules/pacote/node_modules/@npmcli/map-workspaces": {
      "version": "2.0.4",
      "dependencies": { "minimatch": "^5.0.1" }
    },
    "node_modules/pacote/node_modules/minimatch": {
      "version": "5.1.6",
      "dependencies": { "brace-expansion": "^2.0.1" }
    },
    "node_modules/pacote/node_modules/brace-expansion": { "version": "2.0.2" }
  }
}
