# The pnpm-peer-only lockfile (same real pnpm 10.33.2 emission, trimmed) at
# the stale-manifest moment: package.json here ALSO declares `vite` directly
# (just added, `pnpm install` not yet run), so the lockfile still shows only
# the peer-instantiated edges. The direct-declaration conjunct of issue
# #103's peer_only rule is the deciding one: everything the lockfile says
# matches pnpm-peer-only, and only `direct` flips the verdict to false.
lockfileVersion: '9.0'

settings:
  autoInstallPeers: true
  excludeLinksFromLockfile: false

importers:

  .:
    dependencies:
      '@vitejs/plugin-react':
        specifier: 4.3.4
        version: 4.3.4(vite@6.4.3)
      '@vitest/mocker':
        specifier: 3.0.5
        version: 3.0.5(vite@6.4.3)
      next:
        specifier: 15.1.6
        version: 15.1.6(@babel/core@7.29.7)(react-dom@19.2.8(react@19.2.8))(react@19.2.8)

packages:

  '@vitejs/plugin-react@4.3.4':
    resolution: {integrity: sha512-SCCPBJtYLdE8PX/7ZQAs1QAZ8Jqwih+0VBLum1EGqmCCQal+MIUqLCzj3ZUy8ufbC0cAM4LRlSTm7IQJwWT4ug==}
    engines: {node: ^14.18.0 || >=16.0.0}
    peerDependencies:
      vite: ^4.2.0 || ^5.0.0 || ^6.0.0

  '@vitest/mocker@3.0.5':
    resolution: {integrity: sha512-CLPNBFBIE7x6aEGbIjaQAX03ZZlBMaWwAjBdMkIf/cAn6xzLTiM3zYqO/WAbieEjsAZir6tO71mzeHZoodThvw==}
    peerDependencies:
      msw: ^2.4.9
      vite: ^5.0.0 || ^6.0.0
    peerDependenciesMeta:
      msw:
        optional: true
      vite:
        optional: true

  next@15.1.6:
    resolution: {integrity: sha512-Hch4wzbaX0vKQtalpXvUiw5sYivBy4cm5rzUKrBnUB/y436LGrvOUqYvlSeNVCWFO/770gDlltR9gqZH62ct4Q==}
    engines: {node: ^18.18.0 || ^19.8.0 || >= 20.0.0}
    deprecated: This version has a security vulnerability. Please upgrade to a patched version. See https://nextjs.org/blog/CVE-2025-66478 for more details.
    hasBin: true
    peerDependencies:
      '@opentelemetry/api': ^1.1.0
      '@playwright/test': ^1.41.2
      babel-plugin-react-compiler: '*'
      react: ^18.2.0 || 19.0.0-rc-de68d2f4-20241204 || ^19.0.0
      react-dom: ^18.2.0 || 19.0.0-rc-de68d2f4-20241204 || ^19.0.0
      sass: ^1.3.0
    peerDependenciesMeta:
      '@opentelemetry/api':
        optional: true
      '@playwright/test':
        optional: true
      babel-plugin-react-compiler:
        optional: true
      sass:
        optional: true

  sharp@0.33.5:
    resolution: {integrity: sha512-haPVm1EkS9pgvHrQ/F3Xy+hgcuMV0Wm9vfIBSiwZ05k+xgb0PkBQpGsAA/oWdDobNaZTH5ppvHtzCFbnSEwHVw==}
    engines: {node: ^18.17.0 || ^20.3.0 || >=21.0.0}

  vite@6.4.3:
    resolution: {integrity: sha512-NTKlcQjlAK7MlQoyb6LgaqHc8sso/pVyUJYWMws3jg21uTJw/LddqIFPcPqP6PzpgbIcZyKI85sFE4HBrQDA8A==}
    engines: {node: ^18.0.0 || ^20.0.0 || >=22.0.0}
    hasBin: true
    peerDependencies:
      '@types/node': ^18.0.0 || ^20.0.0 || >=22.0.0
      jiti: '>=1.21.0'
      less: '*'
      lightningcss: ^1.21.0
      sass: '*'
      sass-embedded: '*'
      stylus: '*'
      sugarss: '*'
      terser: ^5.16.0
      tsx: ^4.8.1
      yaml: ^2.4.2
    peerDependenciesMeta:
      '@types/node':
        optional: true
      jiti:
        optional: true
      less:
        optional: true
      lightningcss:
        optional: true
      sass:
        optional: true
      sass-embedded:
        optional: true
      stylus:
        optional: true
      sugarss:
        optional: true
      terser:
        optional: true
      tsx:
        optional: true
      yaml:
        optional: true

snapshots:

  '@vitejs/plugin-react@4.3.4(vite@6.4.3)':
    dependencies:
      '@babel/core': 7.29.7
      '@babel/plugin-transform-react-jsx-self': 7.29.7(@babel/core@7.29.7)
      '@babel/plugin-transform-react-jsx-source': 7.29.7(@babel/core@7.29.7)
      '@types/babel__core': 7.20.5
      react-refresh: 0.14.2
      vite: 6.4.3
    transitivePeerDependencies:
      - supports-color

  '@vitest/mocker@3.0.5(vite@6.4.3)':
    dependencies:
      '@vitest/spy': 3.0.5
      estree-walker: 3.0.3
      magic-string: 0.30.21
    optionalDependencies:
      vite: 6.4.3

  next@15.1.6(@babel/core@7.29.7)(react-dom@19.2.8(react@19.2.8))(react@19.2.8):
    dependencies:
      '@next/env': 15.1.6
      '@swc/counter': 0.1.3
      '@swc/helpers': 0.5.15
      busboy: 1.6.0
      caniuse-lite: 1.0.30001810
      postcss: 8.4.31
      react: 19.2.8
      react-dom: 19.2.8(react@19.2.8)
      styled-jsx: 5.1.6(@babel/core@7.29.7)(react@19.2.8)
    optionalDependencies:
      '@next/swc-darwin-arm64': 15.1.6
      '@next/swc-darwin-x64': 15.1.6
      '@next/swc-linux-arm64-gnu': 15.1.6
      '@next/swc-linux-arm64-musl': 15.1.6
      '@next/swc-linux-x64-gnu': 15.1.6
      '@next/swc-linux-x64-musl': 15.1.6
      '@next/swc-win32-arm64-msvc': 15.1.6
      '@next/swc-win32-x64-msvc': 15.1.6
      sharp: 0.33.5
    transitivePeerDependencies:
      - '@babel/core'
      - babel-plugin-macros

  sharp@0.33.5:
    dependencies:
      color: 4.2.3
      detect-libc: 2.1.2
      semver: 7.8.5
    optionalDependencies:
      '@img/sharp-darwin-arm64': 0.33.5
      '@img/sharp-darwin-x64': 0.33.5
      '@img/sharp-libvips-darwin-arm64': 1.0.4
      '@img/sharp-libvips-darwin-x64': 1.0.4
      '@img/sharp-libvips-linux-arm': 1.0.5
      '@img/sharp-libvips-linux-arm64': 1.0.4
      '@img/sharp-libvips-linux-s390x': 1.0.4
      '@img/sharp-libvips-linux-x64': 1.0.4
      '@img/sharp-libvips-linuxmusl-arm64': 1.0.4
      '@img/sharp-libvips-linuxmusl-x64': 1.0.4
      '@img/sharp-linux-arm': 0.33.5
      '@img/sharp-linux-arm64': 0.33.5
      '@img/sharp-linux-s390x': 0.33.5
      '@img/sharp-linux-x64': 0.33.5
      '@img/sharp-linuxmusl-arm64': 0.33.5
      '@img/sharp-linuxmusl-x64': 0.33.5
      '@img/sharp-wasm32': 0.33.5
      '@img/sharp-win32-ia32': 0.33.5
      '@img/sharp-win32-x64': 0.33.5
    optional: true

  vite@6.4.3:
    dependencies:
      esbuild: 0.25.12
      fdir: 6.5.0(picomatch@4.0.7)
      picomatch: 4.0.7
      postcss: 8.5.26
      rollup: 4.62.5
      tinyglobby: 0.2.17
    optionalDependencies:
      fsevents: 2.3.3

