# This file is generated by running "yarn install" inside your project.
# Manual changes might be lost - proceed with caution!

# A Berry parent that declares the alerted package as a PEER rather than a
# runtime dependency. `serve-static` is why `sha.js` is in the tree at all, and
# `express` declares it optionally; the root declares neither. The declaration
# reader matched `/^  dependencies:/` alone, so both parents were invisible to
# `why` — `apply_constraint` had nothing to scope to and `declared_ranges` never
# saw their ranges, while ADR 001 promised the union npm's reader already read
# (https://github.com/SurveyMonkey/skills/issues/49).
#
# `peerDependenciesMeta:` is here because its block name starts with the one
# above it: the reader must not treat its nested entries as declarations.

__metadata:
  version: 8
  cacheKey: 10c0

"demo-berry-peer@workspace:.":
  version: 0.0.0-use.local
  resolution: "demo-berry-peer@workspace:."
  dependencies:
    express: "npm:^4.18.2"
    serve-static: "npm:^1.15.0"
  languageName: unknown
  linkType: soft

"express@npm:4.18.2":
  version: 4.18.2
  resolution: "express@npm:4.18.2"
  optionalDependencies:
    sha.js: "npm:^2.4.11"
  languageName: node
  linkType: hard

"serve-static@npm:1.15.0":
  version: 1.15.0
  resolution: "serve-static@npm:1.15.0"
  peerDependencies:
    sha.js: "npm:^2.4.0"
  peerDependenciesMeta:
    sha.js:
      optional: false
  languageName: node
  linkType: hard

"sha.js@npm:2.4.11":
  version: 2.4.11
  resolution: "sha.js@npm:2.4.11"
  languageName: node
  linkType: hard
