# Variant of pnpm-benign-dedup (issue #105) for the "exactly one version
# remains" conjunct: the untouched 2.x line does NOT fully consolidate here.
# anymatch keeps 2.3.9 and readdirp keeps 2.3.10 — two survivors on the same
# untouched major — so the move must stay fatal even with --sibling-alerts
# '[]', because the benign carve-out requires the post-fix line to collapse
# to exactly one version.

lockfileVersion: '9.0'

settings:
  autoInstallPeers: true
  excludeLinksFromLockfile: false

importers:

  .:
    dependencies:
      anymatch:
        specifier: ^3.1.3
        version: 3.1.3
      picomatch:
        specifier: ^4.0.3
        version: 4.0.3
      readdirp:
        specifier: ^3.6.0
        version: 3.6.0

packages:

  anymatch@3.1.3:
    resolution: {integrity: sha512-0000000000000000000000000000000000000000000000000000000000000000000000000000000000000AAA==}

  normalize-path@3.0.0:
    resolution: {integrity: sha512-0000000000000000000000000000000000000000000000000000000000000000000000000000000000000BBB==}

  picomatch@2.3.9:
    resolution: {integrity: sha512-0000000000000000000000000000000000000000000000000000000000000000000000000000000000000FFF==}

  picomatch@2.3.10:
    resolution: {integrity: sha512-0000000000000000000000000000000000000000000000000000000000000000000000000000000000000GGG==}

  picomatch@4.0.3:
    resolution: {integrity: sha512-0000000000000000000000000000000000000000000000000000000000000000000000000000000000000DDD==}

  readdirp@3.6.0:
    resolution: {integrity: sha512-0000000000000000000000000000000000000000000000000000000000000000000000000000000000000EEE==}

snapshots:

  anymatch@3.1.3:
    dependencies:
      normalize-path: 3.0.0
      picomatch: 2.3.9

  normalize-path@3.0.0: {}

  picomatch@2.3.9: {}

  picomatch@2.3.10: {}

  picomatch@4.0.3: {}

  readdirp@3.6.0:
    dependencies:
      picomatch: 2.3.10
