{
  "name": "demo-stale-nested",
  "version": "1.0.0",
  "lockfileVersion": 3,
  "requires": true,
  "packages": {
    "": {
      "name": "demo-stale-nested",
      "version": "1.0.0",
      "dependencies": {
        "axios": "^1.18.0",
        "localtunnel": "^2.0.2",
        "nx": "21.3.11"
      }
    },
    "node_modules/axios": {
      "version": "1.18.1",
      "dependencies": { "follow-redirects": "^1.15.6" }
    },
    "node_modules/follow-redirects": { "version": "1.15.11" },
    "node_modules/localtunnel": {
      "version": "2.0.2",
      "dependencies": { "axios": "0.21.4" }
    },
    "node_modules/localtunnel/node_modules/axios": {
      "version": "0.21.4",
      "dependencies": { "follow-redirects": "^1.14.0" }
    },
    "node_modules/nx": {
      "version": "21.3.11",
      "dependencies": { "axios": "^1.8.3", "tmp": "~0.2.1" }
    },
    "node_modules/nx/node_modules/axios": {
      "version": "1.16.0",
      "dependencies": { "follow-redirects": "^1.15.6" }
    },
    "node_modules/tmp": { "version": "0.2.5" }
  }
}
