{
  "name": "demo-dual",
  "version": "1.0.0",
  "lockfileVersion": 3,
  "requires": true,
  "packages": {
    "": {
      "name": "demo-dual",
      "version": "1.0.0",
      "dependencies": {
        "lodash": "npm:underscore@^1.13.6",
        "pkg-a": "^1.0.0"
      }
    },
    "node_modules/lodash": { "name": "underscore", "version": "1.13.6" },
    "node_modules/pkg-a": {
      "version": "1.0.0",
      "dependencies": { "lodash": "^4.17.21" }
    },
    "node_modules/pkg-a/node_modules/lodash": { "version": "4.17.21" }
  }
}
