# This file is generated by running "yarn install" inside your project.
# Manual changes might be lost - proceed with caution!

__metadata:
  version: 8
  cacheKey: 10c0

"@babel/core@npm:^7.24.0":
  version: 7.24.0
  resolution: "@babel/core@npm:7.24.0"
  languageName: node
  linkType: hard

"demo-app@workspace:.":
  version: 0.0.0-use.local
  resolution: "demo-app@workspace:."
  dependencies:
    express: "npm:^4.18.2"
    lodash: "npm:^4.17.21"
  languageName: unknown
  linkType: soft

"express@npm:^4.18.2":
  version: 4.18.2
  resolution: "express@npm:4.18.2"
  dependencies:
    lodash: "npm:^4.17.20"
    "sha.js": "npm:^2.4.11"
  languageName: node
  linkType: hard

"lodash@npm:^4.17.20, lodash@npm:^4.17.21":
  version: 4.17.21
  resolution: "lodash@npm:4.17.21"
  languageName: node
  linkType: hard

"sha.js@npm:^2.4.11":
  version: 2.4.11
  resolution: "sha.js@npm:2.4.11"
  languageName: node
  linkType: hard

"undici@npm:^5.28.0":
  version: 5.28.4
  resolution: "undici@npm:5.28.4"
  languageName: node
  linkType: hard

"undici@npm:^6.19.0":
  version: 6.19.8
  resolution: "undici@npm:6.19.8"
  languageName: node
  linkType: hard
