{
  "name": "demo-npm-override-placed-parent",
  "version": "1.0.0",
  "lockfileVersion": 3,
  "requires": true,
  "packages": {
    "": {
      "name": "demo-npm-override-placed-parent",
      "version": "1.0.0",
      "dependencies": {
        "lerna": "^9.0.0"
      }
    },
    "node_modules/lerna": {
      "version": "9.0.1",
      "dependencies": { "nx": "22.7.7", "chalk": "^6.0.0" }
    },
    "node_modules/nx": {
      "version": "22.7.9",
      "dependencies": { "brace-expansion": "^5.0.4" }
    },
    "node_modules/chalk": { "version": "6.0.1" },
    "node_modules/brace-expansion": {
      "version": "5.0.5",
      "dependencies": { "balanced-match": "^4.0.1" }
    },
    "node_modules/balanced-match": { "version": "4.0.2" }
  }
}
