# This file is generated by running "yarn install" inside your project.
# Manual changes might be lost - proceed with caution!

# Every entry resolves to local code: two workspaces and a portal. `package_count`
# is legitimately 0 here, which is why the parse guard counts the locators it
# could read rather than the packages it kept.

__metadata:
  version: 8
  cacheKey: 10c0

"root@workspace:.":
  version: 0.0.0-use.local
  resolution: "root@workspace:."
  languageName: unknown
  linkType: soft

"pkg-a@workspace:packages/a":
  version: 0.0.0-use.local
  resolution: "pkg-a@workspace:packages/a"
  languageName: unknown
  linkType: soft

"tool@portal:./vendor/tool::locator=root%40workspace%3A.":
  version: 1.4.0
  resolution: "tool@portal:./vendor/tool::locator=root%40workspace%3A."
  languageName: node
  linkType: soft
