# This file is generated by running "yarn install" inside your project.
# Manual changes might be lost - proceed with caution!

# Berry appends binding parameters to a locator after "::". `__archiveUrl` is
# written for any package fetched from a non-default registry, so this is the
# ordinary shape in a repository pointing at a private or mirrored registry.

__metadata:
  version: 8
  cacheKey: 10c0

"demo-binding@workspace:.":
  version: 0.0.0-use.local
  resolution: "demo-binding@workspace:."
  dependencies:
    privreg: "npm:2.5.0"
  languageName: unknown
  linkType: soft

"privreg@npm:2.5.0::__archiveUrl=https%3A%2F%2Freg.example.com%2Fprivreg%2F-%2Fprivreg-2.5.0.tgz":
  version: 2.5.0
  resolution: "privreg@npm:2.5.0::__archiveUrl=https%3A%2F%2Freg.example.com%2Fprivreg%2F-%2Fprivreg-2.5.0.tgz"
  languageName: node
  linkType: hard
