# This file is generated by running "yarn install" inside your project.
# Manual changes might be lost - proceed with caution!

# `npm:` aliases, plain and scoped. The locator's leading segment is the key the
# dependency is installed and pinned under; the descriptor after `npm:` names
# the package the code actually is.

__metadata:
  version: 8
  cacheKey: 10c0

"demo-alias@workspace:.":
  version: 0.0.0-use.local
  resolution: "demo-alias@workspace:."
  dependencies:
    aliased: "npm:lodash@4.17.21"
    scoped-alias: "npm:@scope/real@2.3.4"
  languageName: unknown
  linkType: soft

"aliased@npm:lodash@4.17.21":
  version: 4.17.21
  resolution: "aliased@npm:lodash@4.17.21"
  languageName: node
  linkType: hard

"scoped-alias@npm:@scope/real@2.3.4":
  version: 2.3.4
  resolution: "scoped-alias@npm:@scope/real@2.3.4"
  languageName: node
  linkType: hard
