# This file is generated by running "yarn install" inside your project.
# Manual changes might be lost - proceed with caution!

# Trimmed from arsenalamerica/app's yarn.lock at origin/main, the specimen for
# issue #83: two majors of `minimatch` in one tree, each declaring a different
# major of `brace-expansion`. The pre-fix state, so `resolved_versions
# brace-expansion` is ["1.1.18", "5.0.6"]. Public names only.

__metadata:
  version: 8
  cacheKey: 10c0

"balanced-match@npm:^1.0.0":
  version: 1.0.2
  resolution: "balanced-match@npm:1.0.2"
  languageName: node
  linkType: hard

"balanced-match@npm:^4.0.2":
  version: 4.0.2
  resolution: "balanced-match@npm:4.0.2"
  languageName: node
  linkType: hard

"brace-expansion@npm:^1.1.7":
  version: 1.1.18
  resolution: "brace-expansion@npm:1.1.18"
  dependencies:
    balanced-match: "npm:^1.0.0"
    concat-map: "npm:0.0.1"
  languageName: node
  linkType: hard

"brace-expansion@npm:^5.0.5":
  version: 5.0.6
  resolution: "brace-expansion@npm:5.0.6"
  dependencies:
    balanced-match: "npm:^4.0.2"
  languageName: node
  linkType: hard

"concat-map@npm:0.0.1":
  version: 0.0.1
  resolution: "concat-map@npm:0.0.1"
  languageName: node
  linkType: hard

"demo-cross-line@workspace:.":
  version: 0.0.0-use.local
  resolution: "demo-cross-line@workspace:."
  dependencies:
    "@ts-morph/common": "npm:^0.11.1"
    glob: "npm:^13.0.6"
  languageName: unknown
  linkType: soft

"@ts-morph/common@npm:^0.11.1":
  version: 0.11.1
  resolution: "@ts-morph/common@npm:0.11.1"
  dependencies:
    minimatch: "npm:^3.0.4"
  languageName: node
  linkType: hard

"glob@npm:^13.0.6":
  version: 13.0.6
  resolution: "glob@npm:13.0.6"
  dependencies:
    minimatch: "npm:^10.2.2"
  languageName: node
  linkType: hard

"minimatch@npm:^10.2.2":
  version: 10.2.5
  resolution: "minimatch@npm:10.2.5"
  dependencies:
    brace-expansion: "npm:^5.0.5"
  languageName: node
  linkType: hard

"minimatch@npm:^3.0.4":
  version: 3.1.5
  resolution: "minimatch@npm:3.1.5"
  dependencies:
    brace-expansion: "npm:^1.1.7"
  languageName: node
  linkType: hard
