# This file is generated by running "yarn install" inside your project.
# Manual changes might be lost - proceed with caution!

__metadata:
  version: 8
  cacheKey: 10c0

"demo-patch@workspace:.":
  version: 0.0.0-use.local
  resolution: "demo-patch@workspace:."
  dependencies:
    express: "npm:^4.21.2"
    local-tool: "portal:./packages/local-tool"
    lodash: "patch:lodash@npm%3A4.17.21#~/.yarn/patches/lodash-npm-4.17.21-abc.patch"
  languageName: unknown
  linkType: soft

"express@npm:^4.21.2":
  version: 4.21.2
  resolution: "express@npm:4.21.2"
  languageName: node
  linkType: hard

"gen-thing@exec:./gen.js#./gen.js::hash=9f1c2d":
  version: 1.0.0
  resolution: "gen-thing@exec:./gen.js#./gen.js::hash=9f1c2d&locator=demo-patch%40workspace%3A."
  languageName: node
  linkType: hard

"local-tool@portal:./packages/local-tool::locator=demo-patch%40workspace%3A.":
  version: 1.4.0
  resolution: "local-tool@portal:./packages/local-tool::locator=demo-patch%40workspace%3A."
  languageName: node
  linkType: soft

"lodash@patch:lodash@npm%3A4.17.21#~/.yarn/patches/lodash-npm-4.17.21-abc.patch":
  version: 4.17.21
  resolution: "lodash@patch:lodash@npm%3A4.17.21#~/.yarn/patches/lodash-npm-4.17.21-abc.patch::version=4.17.21&hash=abc123"
  languageName: node
  linkType: hard

"typescript@patch:typescript@npm%3A5.4.5#optional!builtin<compat/typescript>":
  version: 5.4.5
  resolution: "typescript@patch:typescript@npm%3A5.4.5#optional!builtin<compat/typescript>::version=5.4.5&hash=5786d5"
  languageName: node
  linkType: hard
