# This file is generated by running "yarn install" inside your project.
# Manual changes might be lost - proceed with caution!

# One locator this parser cannot read (`victim@npm:1.2.3.0` — four numeric
# segments, so the semver gate rejects it) among four it can. The ratio guard
# fires only below half, so this lockfile passes it, and `victim` is dropped
# from `resolution_map` with nothing in the output saying so: absent from the
# baseline snapshot and from the post-removal one alike, which the pin audit
# reads as `collateral_changes: []`.

__metadata:
  version: 8
  cacheKey: 10c0

"demo-partial@workspace:.":
  version: 0.0.0-use.local
  resolution: "demo-partial@workspace:."
  dependencies:
    express: "npm:^4.18.2"
    victim: "npm:^1.2.3"
  languageName: unknown
  linkType: soft

"express@npm:4.18.2":
  version: 4.18.2
  resolution: "express@npm:4.18.2"
  dependencies:
    lodash: "npm:^4.17.21"
    sha.js: "npm:^2.4.11"
  languageName: node
  linkType: hard

"lodash@npm:4.17.21":
  version: 4.17.21
  resolution: "lodash@npm:4.17.21"
  languageName: node
  linkType: hard

"sha.js@npm:2.4.11":
  version: 2.4.11
  resolution: "sha.js@npm:2.4.11"
  languageName: node
  linkType: hard

"victim@npm:1.2.3.0":
  version: 1.2.3.0
  resolution: "victim@npm:1.2.3.0"
  languageName: node
  linkType: hard
